
Microsoft Visual Studio Solution File, Format Version 12.00
# Visual Studio Version 16
VisualStudioVersion = 16.0.31229.75
MinimumVisualStudioVersion = 10.0.40219.1
Project("{FAE04EC0-301F-11D3-BF4B-00C04F79EFBC}") = "MagicBricAssign", "MagicBricAssign.csproj", "{6AC982D6-BF8C-46C8-9ED8-D9E4515E9D7A}"
EndProject
Project("{FAE04EC0-301F-11D3-BF4B-00C04F79EFBC}") = "Magic", "..\Magic\Magic.csproj", "{D181DE5A-3847-42A9-BFD8-60BFB5B61599}"
EndProject
Global
	GlobalSection(SolutionConfigurationPlatforms) = preSolution
		Debug|Any CPU = Debug|Any CPU
		Release|Any CPU = Release|Any CPU
	EndGlobalSection
	GlobalSection(ProjectConfigurationPlatforms) = postSolution
		{6AC982D6-BF8C-46C8-9ED8-D9E4515E9D7A}.Debug|Any CPU.ActiveCfg = Debug|Any CPU
		{6AC982D6-BF8C-46C8-9ED8-D9E4515E9D7A}.Debug|Any CPU.Build.0 = Debug|Any CPU
		{6AC982D6-BF8C-46C8-9ED8-D9E4515E9D7A}.Release|Any CPU.ActiveCfg = Release|Any CPU
		{6AC982D6-BF8C-46C8-9ED8-D9E4515E9D7A}.Release|Any CPU.Build.0 = Release|Any CPU
		{D181DE5A-3847-42A9-BFD8-60BFB5B61599}.Debug|Any CPU.ActiveCfg = Debug|Any CPU
		{D181DE5A-3847-42A9-BFD8-60BFB5B61599}.Debug|Any CPU.Build.0 = Debug|Any CPU
		{D181DE5A-3847-42A9-BFD8-60BFB5B61599}.Release|Any CPU.ActiveCfg = Release|Any CPU
		{D181DE5A-3847-42A9-BFD8-60BFB5B61599}.Release|Any CPU.Build.0 = Release|Any CPU
	EndGlobalSection
	GlobalSection(SolutionProperties) = preSolution
		HideSolutionNode = FALSE
	EndGlobalSection
	GlobalSection(ExtensibilityGlobals) = postSolution
		SolutionGuid = {B748AFED-5E74-4035-8139-536F666C8977}
	EndGlobalSection
EndGlobal
